
Microsoft Visual Studio Solution File, Format Version 12.00
# Visual Studio Version 16
VisualStudioVersion = 16.0.32002.261
MinimumVisualStudioVersion = 10.0.40219.1
Project("{FAE04EC0-301F-11D3-BF4B-00C04F79EFBC}") = "InventoryManagement", "InventoryManagement\InventoryManagement.csproj", "{1E66452C-C90F-41E0-8DD1-2989ABE72063}"
EndProject
Global
	GlobalSection(SolutionConfigurationPlatforms) = preSolution
		Debug|Any CPU = Debug|Any CPU
		Release|Any CPU = Release|Any CPU
	EndGlobalSection
	GlobalSection(ProjectConfigurationPlatforms) = postSolution
		{1E66452C-C90F-41E0-8DD1-2989ABE72063}.Debug|Any CPU.ActiveCfg = Debug|Any CPU
		{1E66452C-C90F-41E0-8DD1-2989ABE72063}.Debug|Any CPU.Build.0 = Debug|Any CPU
		{1E66452C-C90F-41E0-8DD1-2989ABE72063}.Release|Any CPU.ActiveCfg = Release|Any CPU
		{1E66452C-C90F-41E0-8DD1-2989ABE72063}.Release|Any CPU.Build.0 = Release|Any CPU
	EndGlobalSection
	GlobalSection(SolutionProperties) = preSolution
		HideSolutionNode = FALSE
	EndGlobalSection
	GlobalSection(ExtensibilityGlobals) = postSolution
		SolutionGuid = {23185A67-774F-4F2D-8F6F-A4C246B10D29}
	EndGlobalSection
EndGlobal
